
Microsoft Visual Studio Solution File, Format Version 12.00
# Visual Studio Version 16
VisualStudioVersion = 16.0.31313.79
MinimumVisualStudioVersion = 10.0.40219.1
Project("{9A19103F-16F7-4668-BE54-9A1E7A4F7556}") = "RectangleColor", "RectangleColor\RectangleColor.csproj", "{77586B3E-CE58-4422-AEA5-67EF48F9E885}"
EndProject
Project("{2150E333-8FDC-42A3-9474-1A3956D46DE8}") = "Solution Items", "Solution Items", "{A74870AE-B546-4E18-B51F-6423123F8264}"
	ProjectSection(SolutionItems) = preProject
		.gitignore = .gitignore
	EndProjectSection
EndProject
Global
	GlobalSection(SolutionConfigurationPlatforms) = preSolution
		Debug|Any CPU = Debug|Any CPU
		Release|Any CPU = Release|Any CPU
	EndGlobalSection
	GlobalSection(ProjectConfigurationPlatforms) = postSolution
		{77586B3E-CE58-4422-AEA5-67EF48F9E885}.Debug|Any CPU.ActiveCfg = Debug|Any CPU
		{77586B3E-CE58-4422-AEA5-67EF48F9E885}.Debug|Any CPU.Build.0 = Debug|Any CPU
		{77586B3E-CE58-4422-AEA5-67EF48F9E885}.Release|Any CPU.ActiveCfg = Release|Any CPU
		{77586B3E-CE58-4422-AEA5-67EF48F9E885}.Release|Any CPU.Build.0 = Release|Any CPU
	EndGlobalSection
	GlobalSection(SolutionProperties) = preSolution
		HideSolutionNode = FALSE
	EndGlobalSection
	GlobalSection(ExtensibilityGlobals) = postSolution
		SolutionGuid = {DC3E4FEB-1DBE-485A-A4B9-F778BAF74860}
	EndGlobalSection
EndGlobal
